
Microsoft Visual Studio Solution File, Format Version 9.00
# Visual Studio 2005
Project("{FAE04EC0-301F-11D3-BF4B-00C04F79EFBC}") = "ControlBasedSecurity", "ControlBasedSecurity\ControlBasedSecurity.csproj", "{06700CA3-05BA-4889-A1F3-4CA1F8BB96A3}"
EndProject
Global
	GlobalSection(SolutionConfigurationPlatforms) = preSolution
		Debug|Any CPU = Debug|Any CPU
		Release|Any CPU = Release|Any CPU
	EndGlobalSection
	GlobalSection(ProjectConfigurationPlatforms) = postSolution
		{06700CA3-05BA-4889-A1F3-4CA1F8BB96A3}.Debug|Any CPU.ActiveCfg = Debug|Any CPU
		{06700CA3-05BA-4889-A1F3-4CA1F8BB96A3}.Debug|Any CPU.Build.0 = Debug|Any CPU
		{06700CA3-05BA-4889-A1F3-4CA1F8BB96A3}.Release|Any CPU.ActiveCfg = Release|Any CPU
		{06700CA3-05BA-4889-A1F3-4CA1F8BB96A3}.Release|Any CPU.Build.0 = Release|Any CPU
	EndGlobalSection
	GlobalSection(SolutionProperties) = preSolution
		HideSolutionNode = FALSE
	EndGlobalSection
EndGlobal
